// !$*UTF8*$!
{
	archiveVersion = 1;
	classes = {
	};
	objectVersion = 46;
	objects = {

/* Begin PBXBuildFile section */
		E0C964C318DB5E7A0063AA08 /* Foundation.framework in Frameworks */ = {isa = PBXBuildFile; fileRef = E0C964C218DB5E7A0063AA08 /* Foundation.framework */; };
		E0C964C518DB5E7A0063AA08 /* CoreGraphics.framework in Frameworks */ = {isa = PBXBuildFile; fileRef = E0C964C418DB5E7A0063AA08 /* CoreGraphics.framework */; };
		E0C964C718DB5E7A0063AA08 /* UIKit.framework in Frameworks */ = {isa = PBXBuildFile; fileRef = E0C964C618DB5E7A0063AA08 /* UIKit.framework */; };
		E0C964CD18DB5E7A0063AA08 /* InfoPlist.strings in Resources */ = {isa = PBXBuildFile; fileRef = E0C964CB18DB5E7A0063AA08 /* InfoPlist.strings */; };
		E0C964CF18DB5E7A0063AA08 /* main.m in Sources */ = {isa = PBXBuildFile; fileRef = E0C964CE18DB5E7A0063AA08 /* main.m */; };
		E0C964D318DB5E7A0063AA08 /* JCAppDelegate.m in Sources */ = {isa = PBXBuildFile; fileRef = E0C964D218DB5E7A0063AA08 /* JCAppDelegate.m */; };
		E0C964D518DB5E7A0063AA08 /* Images.xcassets in Resources */ = {isa = PBXBuildFile; fileRef = E0C964D418DB5E7A0063AA08 /* Images.xcassets */; };
		E0C964DC18DB5E7A0063AA08 /* XCTest.framework in Frameworks */ = {isa = PBXBuildFile; fileRef = E0C964DB18DB5E7A0063AA08 /* XCTest.framework */; };
		E0C964DD18DB5E7A0063AA08 /* Foundation.framework in Frameworks */ = {isa = PBXBuildFile; fileRef = E0C964C218DB5E7A0063AA08 /* Foundation.framework */; };
		E0C964DE18DB5E7A0063AA08 /* UIKit.framework in Frameworks */ = {isa = PBXBuildFile; fileRef = E0C964C618DB5E7A0063AA08 /* UIKit.framework */; };
		E0C964E618DB5E7A0063AA08 /* InfoPlist.strings in Resources */ = {isa = PBXBuildFile; fileRef = E0C964E418DB5E7A0063AA08 /* InfoPlist.strings */; };
		E0C964E818DB5E7A0063AA08 /* KnctTheDotsTests.m in Sources */ = {isa = PBXBuildFile; fileRef = E0C964E718DB5E7A0063AA08 /* KnctTheDotsTests.m */; };
		E0C964F318DB5E990063AA08 /* JCLine.m in Sources */ = {isa = PBXBuildFile; fileRef = E0C964F218DB5E990063AA08 /* JCLine.m */; };
		E0C964F618DB603F0063AA08 /* JCLinesView.m in Sources */ = {isa = PBXBuildFile; fileRef = E0C964F518DB603F0063AA08 /* JCLinesView.m */; };
		E0C964F918DB60810063AA08 /* JCLinesViewController.m in Sources */ = {isa = PBXBuildFile; fileRef = E0C964F818DB60810063AA08 /* JCLinesViewController.m */; };
/* End PBXBuildFile section */

/* Begin PBXContainerItemProxy section */
		E0C964DF18DB5E7A0063AA08 /* PBXContainerItemProxy */ = {
			isa = PBXContainerItemProxy;
			containerPortal = E0C964B718DB5E7A0063AA08 /* Project object */;
			proxyType = 1;
			remoteGlobalIDString = E0C964BE18DB5E7A0063AA08;
			remoteInfo = KnctTheDots;
		};
/* End PBXContainerItemProxy section */

/* Begin PBXFileReference section */
		E0C964BF18DB5E7A0063AA08 /* KnctTheDots.app */ = {isa = PBXFileReference; explicitFileType = wrapper.application; includeInIndex = 0; path = KnctTheDots.app; sourceTree = BUILT_PRODUCTS_DIR; };
		E0C964C218DB5E7A0063AA08 /* Foundation.framework */ = {isa = PBXFileReference; lastKnownFileType = wrapper.framework; name = Foundation.framework; path = System/Library/Frameworks/Foundation.framework; sourceTree = SDKROOT; };
		E0C964C418DB5E7A0063AA08 /* CoreGraphics.framework */ = {isa = PBXFileReference; lastKnownFileType = wrapper.framework; name = CoreGraphics.framework; path = System/Library/Frameworks/CoreGraphics.framework; sourceTree = SDKROOT; };
		E0C964C618DB5E7A0063AA08 /* UIKit.framework */ = {isa = PBXFileReference; lastKnownFileType = wrapper.framework; name = UIKit.framework; path = System/Library/Frameworks/UIKit.framework; sourceTree = SDKROOT; };
		E0C964CA18DB5E7A0063AA08 /* KnctTheDots-Info.plist */ = {isa = PBXFileReference; lastKnownFileType = text.plist.xml; path = "KnctTheDots-Info.plist"; sourceTree = "<group>"; };
		E0C964CC18DB5E7A0063AA08 /* en */ = {isa = PBXFileReference; lastKnownFileType = text.plist.strings; name = en; path = en.lproj/InfoPlist.strings; sourceTree = "<group>"; };
		E0C964CE18DB5E7A0063AA08 /* main.m */ = {isa = PBXFileReference; lastKnownFileType = sourcecode.c.objc; path = main.m; sourceTree = "<group>"; };
		E0C964D018DB5E7A0063AA08 /* KnctTheDots-Prefix.pch */ = {isa = PBXFileReference; lastKnownFileType = sourcecode.c.h; path = "KnctTheDots-Prefix.pch"; sourceTree = "<group>"; };
		E0C964D118DB5E7A0063AA08 /* JCAppDelegate.h */ = {isa = PBXFileReference; lastKnownFileType = sourcecode.c.h; path = JCAppDelegate.h; sourceTree = "<group>"; };
		E0C964D218DB5E7A0063AA08 /* JCAppDelegate.m */ = {isa = PBXFileReference; lastKnownFileType = sourcecode.c.objc; path = JCAppDelegate.m; sourceTree = "<group>"; };
		E0C964D418DB5E7A0063AA08 /* Images.xcassets */ = {isa = PBXFileReference; lastKnownFileType = folder.assetcatalog; path = Images.xcassets; sourceTree = "<group>"; };
		E0C964DA18DB5E7A0063AA08 /* KnctTheDotsTests.xctest */ = {isa = PBXFileReference; explicitFileType = wrapper.cfbundle; includeInIndex = 0; path = KnctTheDotsTests.xctest; sourceTree = BUILT_PRODUCTS_DIR; };
		E0C964DB18DB5E7A0063AA08 /* XCTest.framework */ = {isa = PBXFileReference; lastKnownFileType = wrapper.framework; name = XCTest.framework; path = Library/Frameworks/XCTest.framework; sourceTree = DEVELOPER_DIR; };
		E0C964E318DB5E7A0063AA08 /* KnctTheDotsTests-Info.plist */ = {isa = PBXFileReference; lastKnownFileType = text.plist.xml; path = "KnctTheDotsTests-Info.plist"; sourceTree = "<group>"; };
		E0C964E518DB5E7A0063AA08 /* en */ = {isa = PBXFileReference; lastKnownFileType = text.plist.strings; name = en; path = en.lproj/InfoPlist.strings; sourceTree = "<group>"; };
		E0C964E718DB5E7A0063AA08 /* KnctTheDotsTests.m */ = {isa = PBXFileReference; lastKnownFileType = sourcecode.c.objc; path = KnctTheDotsTests.m; sourceTree = "<group>"; };
		E0C964F118DB5E990063AA08 /* JCLine.h */ = {isa = PBXFileReference; fileEncoding = 4; lastKnownFileType = sourcecode.c.h; name = JCLine.h; path = ../JCLine.h; sourceTree = "<group>"; };
		E0C964F218DB5E990063AA08 /* JCLine.m */ = {isa = PBXFileReference; fileEncoding = 4; lastKnownFileType = sourcecode.c.objc; name = JCLine.m; path = ../JCLine.m; sourceTree = "<group>"; };
		E0C964F418DB603F0063AA08 /* JCLinesView.h */ = {isa = PBXFileReference; fileEncoding = 4; lastKnownFileType = sourcecode.c.h; path = JCLinesView.h; sourceTree = "<group>"; };
		E0C964F518DB603F0063AA08 /* JCLinesView.m */ = {isa = PBXFileReference; fileEncoding = 4; lastKnownFileType = sourcecode.c.objc; path = JCLinesView.m; sourceTree = "<group>"; };
		E0C964F718DB60810063AA08 /* JCLinesViewController.h */ = {isa = PBXFileReference; fileEncoding = 4; lastKnownFileType = sourcecode.c.h; path = JCLinesViewController.h; sourceTree = "<group>"; };
		E0C964F818DB60810063AA08 /* JCLinesViewController.m */ = {isa = PBXFileReference; fileEncoding = 4; lastKnownFileType = sourcecode.c.objc; path = JCLinesViewController.m; sourceTree = "<group>"; };
/* End PBXFileReference section */

/* Begin PBXFrameworksBuildPhase section */
		E0C964BC18DB5E7A0063AA08 /* Frameworks */ = {
			isa = PBXFrameworksBuildPhase;
			buildActionMask = 2147483647;
			files = (
				E0C964C518DB5E7A0063AA08 /* CoreGraphics.framework in Frameworks */,
				E0C964C718DB5E7A0063AA08 /* UIKit.framework in Frameworks */,
				E0C964C318DB5E7A0063AA08 /* Foundation.framework in Frameworks */,
			);
			runOnlyForDeploymentPostprocessing = 0;
		};
		E0C964D718DB5E7A0063AA08 /* Frameworks */ = {
			isa = PBXFrameworksBuildPhase;
			buildActionMask = 2147483647;
			files = (
				E0C964DC18DB5E7A0063AA08 /* XCTest.framework in Frameworks */,
				E0C964DE18DB5E7A0063AA08 /* UIKit.framework in Frameworks */,
				E0C964DD18DB5E7A0063AA08 /* Foundation.framework in Frameworks */,
			);
			runOnlyForDeploymentPostprocessing = 0;
		};
/* End PBXFrameworksBuildPhase section */

/* Begin PBXGroup section */
		E0C964B618DB5E7A0063AA08 = {
			isa = PBXGroup;
			children = (
				E0C964C818DB5E7A0063AA08 /* KnctTheDots */,
				E0C964E118DB5E7A0063AA08 /* KnctTheDotsTests */,
				E0C964C118DB5E7A0063AA08 /* Frameworks */,
				E0C964C018DB5E7A0063AA08 /* Products */,
			);
			sourceTree = "<group>";
		};
		E0C964C018DB5E7A0063AA08 /* Products */ = {
			isa = PBXGroup;
			children = (
				E0C964BF18DB5E7A0063AA08 /* KnctTheDots.app */,
				E0C964DA18DB5E7A0063AA08 /* KnctTheDotsTests.xctest */,
			);
			name = Products;
			sourceTree = "<group>";
		};
		E0C964C118DB5E7A0063AA08 /* Frameworks */ = {
			isa = PBXGroup;
			children = (
				E0C964C218DB5E7A0063AA08 /* Foundation.framework */,
				E0C964C418DB5E7A0063AA08 /* CoreGraphics.framework */,
				E0C964C618DB5E7A0063AA08 /* UIKit.framework */,
				E0C964DB18DB5E7A0063AA08 /* XCTest.framework */,
			);
			name = Frameworks;
			sourceTree = "<group>";
		};
		E0C964C818DB5E7A0063AA08 /* KnctTheDots */ = {
			isa = PBXGroup;
			children = (
				E0C964FC18DB92560063AA08 /* Models */,
				E0C964FD18DB92610063AA08 /* Views */,
				E0C964FE18DB92660063AA08 /* Controllers */,
				E0C964D118DB5E7A0063AA08 /* JCAppDelegate.h */,
				E0C964D218DB5E7A0063AA08 /* JCAppDelegate.m */,
				E0C964D418DB5E7A0063AA08 /* Images.xcassets */,
				E0C964C918DB5E7A0063AA08 /* Supporting Files */,
			);
			path = KnctTheDots;
			sourceTree = "<group>";
		};
		E0C964C918DB5E7A0063AA08 /* Supporting Files */ = {
			isa = PBXGroup;
			children = (
				E0C964CA18DB5E7A0063AA08 /* KnctTheDots-Info.plist */,
				E0C964CB18DB5E7A0063AA08 /* InfoPlist.strings */,
				E0C964CE18DB5E7A0063AA08 /* main.m */,
				E0C964D018DB5E7A0063AA08 /* KnctTheDots-Prefix.pch */,
			);
			name = "Supporting Files";
			sourceTree = "<group>";
		};
		E0C964E118DB5E7A0063AA08 /* KnctTheDotsTests */ = {
			isa = PBXGroup;
			children = (
				E0C964E718DB5E7A0063AA08 /* KnctTheDotsTests.m */,
				E0C964E218DB5E7A0063AA08 /* Supporting Files */,
			);
			path = KnctTheDotsTests;
			sourceTree = "<group>";
		};
		E0C964E218DB5E7A0063AA08 /* Supporting Files */ = {
			isa = PBXGroup;
			children = (
				E0C964E318DB5E7A0063AA08 /* KnctTheDotsTests-Info.plist */,
				E0C964E418DB5E7A0063AA08 /* InfoPlist.strings */,
			);
			name = "Supporting Files";
			sourceTree = "<group>";
		};
		E0C964FC18DB92560063AA08 /* Models */ = {
			isa = PBXGroup;
			children = (
				E0C964F118DB5E990063AA08 /* JCLine.h */,
				E0C964F218DB5E990063AA08 /* JCLine.m */,
			);
			name = Models;
			sourceTree = "<group>";
		};
		E0C964FD18DB92610063AA08 /* Views */ = {
			isa = PBXGroup;
			children = (
				E0C964F418DB603F0063AA08 /* JCLinesView.h */,
				E0C964F518DB603F0063AA08 /* JCLinesView.m */,
			);
			name = Views;
			sourceTree = "<group>";
		};
		E0C964FE18DB92660063AA08 /* Controllers */ = {
			isa = PBXGroup;
			children = (
				E0C964F718DB60810063AA08 /* JCLinesViewController.h */,
				E0C964F818DB60810063AA08 /* JCLinesViewController.m */,
			);
			name = Controllers;
			sourceTree = "<group>";
		};
/* End PBXGroup section */

/* Begin PBXNativeTarget section */
		E0C964BE18DB5E7A0063AA08 /* KnctTheDots */ = {
			isa = PBXNativeTarget;
			buildConfigurationList = E0C964EB18DB5E7A0063AA08 /* Build configuration list for PBXNativeTarget "KnctTheDots" */;
			buildPhases = (
				E0C964BB18DB5E7A0063AA08 /* Sources */,
				E0C964BC18DB5E7A0063AA08 /* Frameworks */,
				E0C964BD18DB5E7A0063AA08 /* Resources */,
			);
			buildRules = (
			);
			dependencies = (
			);
			name = KnctTheDots;
			productName = KnctTheDots;
			productReference = E0C964BF18DB5E7A0063AA08 /* KnctTheDots.app */;
			productType = "com.apple.product-type.application";
		};
		E0C964D918DB5E7A0063AA08 /* KnctTheDotsTests */ = {
			isa = PBXNativeTarget;
			buildConfigurationList = E0C964EE18DB5E7A0063AA08 /* Build configuration list for PBXNativeTarget "KnctTheDotsTests" */;
			buildPhases = (
				E0C964D618DB5E7A0063AA08 /* Sources */,
				E0C964D718DB5E7A0063AA08 /* Frameworks */,
				E0C964D818DB5E7A0063AA08 /* Resources */,
			);
			buildRules = (
			);
			dependencies = (
				E0C964E018DB5E7A0063AA08 /* PBXTargetDependency */,
			);
			name = KnctTheDotsTests;
			productName = KnctTheDotsTests;
			productReference = E0C964DA18DB5E7A0063AA08 /* KnctTheDotsTests.xctest */;
			productType = "com.apple.product-type.bundle.unit-test";
		};
/* End PBXNativeTarget section */

/* Begin PBXProject section */
		E0C964B718DB5E7A0063AA08 /* Project object */ = {
			isa = PBXProject;
			attributes = {
				CLASSPREFIX = JC;
				LastUpgradeCheck = 0510;
				ORGANIZATIONNAME = ChaeOkay;
				TargetAttributes = {
					E0C964D918DB5E7A0063AA08 = {
						TestTargetID = E0C964BE18DB5E7A0063AA08;
					};
				};
			};
			buildConfigurationList = E0C964BA18DB5E7A0063AA08 /* Build configuration list for PBXProject "KnctTheDots" */;
			compatibilityVersion = "Xcode 3.2";
			developmentRegion = English;
			hasScannedForEncodings = 0;
			knownRegions = (
				en,
			);
			mainGroup = E0C964B618DB5E7A0063AA08;
			productRefGroup = E0C964C018DB5E7A0063AA08 /* Products */;
			projectDirPath = "";
			projectRoot = "";
			targets = (
				E0C964BE18DB5E7A0063AA08 /* KnctTheDots */,
				E0C964D918DB5E7A0063AA08 /* KnctTheDotsTests */,
			);
		};
/* End PBXProject section */

/* Begin PBXResourcesBuildPhase section */
		E0C964BD18DB5E7A0063AA08 /* Resources */ = {
			isa = PBXResourcesBuildPhase;
			buildActionMask = 2147483647;
			files = (
				E0C964CD18DB5E7A0063AA08 /* InfoPlist.strings in Resources */,
				E0C964D518DB5E7A0063AA08 /* Images.xcassets in Resources */,
			);
			runOnlyForDeploymentPostprocessing = 0;
		};
		E0C964D818DB5E7A0063AA08 /* Resources */ = {
			isa = PBXResourcesBuildPhase;
			buildActionMask = 2147483647;
			files = (
				E0C964E618DB5E7A0063AA08 /* InfoPlist.strings in Resources */,
			);
			runOnlyForDeploymentPostprocessing = 0;
		};
/* End PBXResourcesBuildPhase section */

/* Begin PBXSourcesBuildPhase section */
		E0C964BB18DB5E7A0063AA08 /* Sources */ = {
			isa = PBXSourcesBuildPhase;
			buildActionMask = 2147483647;
			files = (
				E0C964CF18DB5E7A0063AA08 /* main.m in Sources */,
				E0C964D318DB5E7A0063AA08 /* JCAppDelegate.m in Sources */,
				E0C964F918DB60810063AA08 /* JCLinesViewController.m in Sources */,
				E0C964F318DB5E990063AA08 /* JCLine.m in Sources */,
				E0C964F618DB603F0063AA08 /* JCLinesView.m in Sources */,
			);
			runOnlyForDeploymentPostprocessing = 0;
		};
		E0C964D618DB5E7A0063AA08 /* Sources */ = {
			isa = PBXSourcesBuildPhase;
			buildActionMask = 2147483647;
			files = (
				E0C964E818DB5E7A0063AA08 /* KnctTheDotsTests.m in Sources */,
			);
			runOnlyForDeploymentPostprocessing = 0;
		};
/* End PBXSourcesBuildPhase section */

/* Begin PBXTargetDependency section */
		E0C964E018DB5E7A0063AA08 /* PBXTargetDependency */ = {
			isa = PBXTargetDependency;
			target = E0C964BE18DB5E7A0063AA08 /* KnctTheDots */;
			targetProxy = E0C964DF18DB5E7A0063AA08 /* PBXContainerItemProxy */;
		};
/* End PBXTargetDependency section */

/* Begin PBXVariantGroup section */
		E0C964CB18DB5E7A0063AA08 /* InfoPlist.strings */ = {
			isa = PBXVariantGroup;
			children = (
				E0C964CC18DB5E7A0063AA08 /* en */,
			);
			name = InfoPlist.strings;
			sourceTree = "<group>";
		};
		E0C964E418DB5E7A0063AA08 /* InfoPlist.strings */ = {
			isa = PBXVariantGroup;
			children = (
				E0C964E518DB5E7A0063AA08 /* en */,
			);
			name = InfoPlist.strings;
			sourceTree = "<group>";
		};
/* End PBXVariantGroup section */

/* Begin XCBuildConfiguration section */
		E0C964E918DB5E7A0063AA08 /* Debug */ = {
			isa = XCBuildConfiguration;
			buildSettings = {
				ALWAYS_SEARCH_USER_PATHS = NO;
				CLANG_CXX_LANGUAGE_STANDARD = "gnu++0x";
				CLANG_CXX_LIBRARY = "libc++";
				CLANG_ENABLE_MODULES = YES;
				CLANG_ENABLE_OBJC_ARC = YES;
				CLANG_WARN_BOOL_CONVERSION = YES;
				CLANG_WARN_CONSTANT_CONVERSION = YES;
				CLANG_WARN_DIRECT_OBJC_ISA_USAGE = YES_ERROR;
				CLANG_WARN_EMPTY_BODY = YES;
				CLANG_WARN_ENUM_CONVERSION = YES;
				CLANG_WARN_INT_CONVERSION = YES;
				CLANG_WARN_OBJC_ROOT_CLASS = YES_ERROR;
				CLANG_WARN__DUPLICATE_METHOD_MATCH = YES;
				"CODE_SIGN_IDENTITY[sdk=iphoneos*]" = "iPhone Developer";
				COPY_PHASE_STRIP = NO;
				GCC_C_LANGUAGE_STANDARD = gnu99;
				GCC_DYNAMIC_NO_PIC = NO;
				GCC_OPTIMIZATION_LEVEL = 0;
				GCC_PREPROCESSOR_DEFINITIONS = (
					"DEBUG=1",
					"$(inherited)",
				);
				GCC_SYMBOLS_PRIVATE_EXTERN = NO;
				GCC_WARN_64_TO_32_BIT_CONVERSION = YES;
				GCC_WARN_ABOUT_RETURN_TYPE = YES_ERROR;
				GCC_WARN_UNDECLARED_SELECTOR = YES;
				GCC_WARN_UNINITIALIZED_AUTOS = YES_AGGRESSIVE;
				GCC_WARN_UNUSED_FUNCTION = YES;
				GCC_WARN_UNUSED_VARIABLE = YES;
				IPHONEOS_DEPLOYMENT_TARGET = 7.1;
				ONLY_ACTIVE_ARCH = YES;
				SDKROOT = iphoneos;
				TARGETED_DEVICE_FAMILY = 2;
			};
			name = Debug;
		};
		E0C964EA18DB5E7A0063AA08 /* Release */ = {
			isa = XCBuildConfiguration;
			buildSettings = {
				ALWAYS_SEARCH_USER_PATHS = NO;
				CLANG_CXX_LANGUAGE_STANDARD = "gnu++0x";
				CLANG_CXX_LIBRARY = "libc++";
				CLANG_ENABLE_MODULES = YES;
				CLANG_ENABLE_OBJC_ARC = YES;
				CLANG_WARN_BOOL_CONVERSION = YES;
				CLANG_WARN_CONSTANT_CONVERSION = YES;
				CLANG_WARN_DIRECT_OBJC_ISA_USAGE = YES_ERROR;
				CLANG_WARN_EMPTY_BODY = YES;
				CLANG_WARN_ENUM_CONVERSION = YES;
				CLANG_WARN_INT_CONVERSION = YES;
				CLANG_WARN_OBJC_ROOT_CLASS = YES_ERROR;
				CLANG_WARN__DUPLICATE_METHOD_MATCH = YES;
				"CODE_SIGN_IDENTITY[sdk=iphoneos*]" = "iPhone Developer";
				COPY_PHASE_STRIP = YES;
				ENABLE_NS_ASSERTIONS = NO;
				GCC_C_LANGUAGE_STANDARD = gnu99;
				GCC_WARN_64_TO_32_BIT_CONVERSION = YES;
				GCC_WARN_ABOUT_RETURN_TYPE = YES_ERROR;
				GCC_WARN_UNDECLARED_SELECTOR = YES;
				GCC_WARN_UNINITIALIZED_AUTOS = YES_AGGRESSIVE;
				GCC_WARN_UNUSED_FUNCTION = YES;
				GCC_WARN_UNUSED_VARIABLE = YES;
				IPHONEOS_DEPLOYMENT_TARGET = 7.1;
				SDKROOT = iphoneos;
				TARGETED_DEVICE_FAMILY = 2;
				VALIDATE_PRODUCT = YES;
			};
			name = Release;
		};
		E0C964EC18DB5E7A0063AA08 /* Debug */ = {
			isa = XCBuildConfiguration;
			buildSettings = {
				ASSETCATALOG_COMPILER_APPICON_NAME = AppIcon;
				ASSETCATALOG_COMPILER_LAUNCHIMAGE_NAME = LaunchImage;
				GCC_PRECOMPILE_PREFIX_HEADER = YES;
				GCC_PREFIX_HEADER = "KnctTheDots/KnctTheDots-Prefix.pch";
				INFOPLIST_FILE = "KnctTheDots/KnctTheDots-Info.plist";
				PRODUCT_NAME = "$(TARGET_NAME)";
				WRAPPER_EXTENSION = app;
			};
			name = Debug;
		};
		E0C964ED18DB5E7A0063AA08 /* Release */ = {
			isa = XCBuildConfiguration;
			buildSettings = {
				ASSETCATALOG_COMPILER_APPICON_NAME = AppIcon;
				ASSETCATALOG_COMPILER_LAUNCHIMAGE_NAME = LaunchImage;
				GCC_PRECOMPILE_PREFIX_HEADER = YES;
				GCC_PREFIX_HEADER = "KnctTheDots/KnctTheDots-Prefix.pch";
				INFOPLIST_FILE = "KnctTheDots/KnctTheDots-Info.plist";
				PRODUCT_NAME = "$(TARGET_NAME)";
				WRAPPER_EXTENSION = app;
			};
			name = Release;
		};
		E0C964EF18DB5E7A0063AA08 /* Debug */ = {
			isa = XCBuildConfiguration;
			buildSettings = {
				BUNDLE_LOADER = "$(BUILT_PRODUCTS_DIR)/KnctTheDots.app/KnctTheDots";
				FRAMEWORK_SEARCH_PATHS = (
					"$(SDKROOT)/Developer/Library/Frameworks",
					"$(inherited)",
					"$(DEVELOPER_FRAMEWORKS_DIR)",
				);
				GCC_PRECOMPILE_PREFIX_HEADER = YES;
				GCC_PREFIX_HEADER = "KnctTheDots/KnctTheDots-Prefix.pch";
				GCC_PREPROCESSOR_DEFINITIONS = (
					"DEBUG=1",
					"$(inherited)",
				);
				INFOPLIST_FILE = "KnctTheDotsTests/KnctTheDotsTests-Info.plist";
				PRODUCT_NAME = "$(TARGET_NAME)";
				TEST_HOST = "$(BUNDLE_LOADER)";
				WRAPPER_EXTENSION = xctest;
			};
			name = Debug;
		};
		E0C964F018DB5E7A0063AA08 /* Release */ = {
			isa = XCBuildConfiguration;
			buildSettings = {
				BUNDLE_LOADER = "$(BUILT_PRODUCTS_DIR)/KnctTheDots.app/KnctTheDots";
				FRAMEWORK_SEARCH_PATHS = (
					"$(SDKROOT)/Developer/Library/Frameworks",
					"$(inherited)",
					"$(DEVELOPER_FRAMEWORKS_DIR)",
				);
				GCC_PRECOMPILE_PREFIX_HEADER = YES;
				GCC_PREFIX_HEADER = "KnctTheDots/KnctTheDots-Prefix.pch";
				INFOPLIST_FILE = "KnctTheDotsTests/KnctTheDotsTests-Info.plist";
				PRODUCT_NAME = "$(TARGET_NAME)";
				TEST_HOST = "$(BUNDLE_LOADER)";
				WRAPPER_EXTENSION = xctest;
			};
			name = Release;
		};
/* End XCBuildConfiguration section */

/* Begin XCConfigurationList section */
		E0C964BA18DB5E7A0063AA08 /* Build configuration list for PBXProject "KnctTheDots" */ = {
			isa = XCConfigurationList;
			buildConfigurations = (
				E0C964E918DB5E7A0063AA08 /* Debug */,
				E0C964EA18DB5E7A0063AA08 /* Release */,
			);
			defaultConfigurationIsVisible = 0;
			defaultConfigurationName = Release;
		};
		E0C964EB18DB5E7A0063AA08 /* Build configuration list for PBXNativeTarget "KnctTheDots" */ = {
			isa = XCConfigurationList;
			buildConfigurations = (
				E0C964EC18DB5E7A0063AA08 /* Debug */,
				E0C964ED18DB5E7A0063AA08 /* Release */,
			);
			defaultConfigurationIsVisible = 0;
		};
		E0C964EE18DB5E7A0063AA08 /* Build configuration list for PBXNativeTarget "KnctTheDotsTests" */ = {
			isa = XCConfigurationList;
			buildConfigurations = (
				E0C964EF18DB5E7A0063AA08 /* Debug */,
				E0C964F018DB5E7A0063AA08 /* Release */,
			);
			defaultConfigurationIsVisible = 0;
		};
/* End XCConfigurationList section */
	};
	rootObject = E0C964B718DB5E7A0063AA08 /* Project object */;
}
